
Microsoft Visual Studio Solution File, Format Version 12.00
Project("{FAE04EC0-301F-11D3-BF4B-00C04F79EFBC}") = "Grooming-Management-App", "Grooming-Management-App\Grooming-Management-App.csproj", "{2A51252F-5319-4820-80C0-F88A08F81B0B}"
EndProject
Global
	GlobalSection(SolutionConfigurationPlatforms) = preSolution
		Debug|Any CPU = Debug|Any CPU
		Release|Any CPU = Release|Any CPU
	EndGlobalSection
	GlobalSection(ProjectConfigurationPlatforms) = postSolution
		{2A51252F-5319-4820-80C0-F88A08F81B0B}.Debug|Any CPU.ActiveCfg = Debug|Any CPU
		{2A51252F-5319-4820-80C0-F88A08F81B0B}.Debug|Any CPU.Build.0 = Debug|Any CPU
		{2A51252F-5319-4820-80C0-F88A08F81B0B}.Release|Any CPU.ActiveCfg = Release|Any CPU
		{2A51252F-5319-4820-80C0-F88A08F81B0B}.Release|Any CPU.Build.0 = Release|Any CPU
	EndGlobalSection
EndGlobal
